
Microsoft Visual Studio Solution File, Format Version 12.00
# Visual Studio 2012
Project("{FAE04EC0-301F-11D3-BF4B-00C04F79EFBC}") = "Momntz.Worker", "Momntz.Worker.csproj", "{875D418C-1713-41C0-885F-8412C60B952B}"
EndProject
Project("{FAE04EC0-301F-11D3-BF4B-00C04F79EFBC}") = "Momntz.Worker.Console", "..\Momntz.Worker.Console\Momntz.Worker.Console.csproj", "{CC705E52-9916-4A3F-B3AE-388943BB517C}"
EndProject
Project("{FAE04EC0-301F-11D3-BF4B-00C04F79EFBC}") = "Momntz.Worker.Core", "..\Momntz.Worker.Core\Momntz.Worker.Core.csproj", "{8468247F-1C2B-4BD8-8D9F-D9303768759B}"
EndProject
Project("{FAE04EC0-301F-11D3-BF4B-00C04F79EFBC}") = "Momntz.Worker.Tests", "..\Momntz.Worker.Tests\Momntz.Worker.Tests.csproj", "{38DECA10-5091-4A6F-935C-ADF65C3EF8FD}"
EndProject
Project("{FAE04EC0-301F-11D3-BF4B-00C04F79EFBC}") = "Momntz", "..\..\..\Momntz\Source\Momntz\Momntz.csproj", "{77CC17DF-C471-42BF-B5F6-D55EAF918891}"
EndProject
Global
	GlobalSection(SolutionConfigurationPlatforms) = preSolution
		Debug|Any CPU = Debug|Any CPU
		DEV|Any CPU = DEV|Any CPU
		PREVIEW|Any CPU = PREVIEW|Any CPU
		PROD|Any CPU = PROD|Any CPU
		QA|Any CPU = QA|Any CPU
		Release|Any CPU = Release|Any CPU
	EndGlobalSection
	GlobalSection(ProjectConfigurationPlatforms) = postSolution
		{875D418C-1713-41C0-885F-8412C60B952B}.Debug|Any CPU.ActiveCfg = Debug|Any CPU
		{875D418C-1713-41C0-885F-8412C60B952B}.Debug|Any CPU.Build.0 = Debug|Any CPU
		{875D418C-1713-41C0-885F-8412C60B952B}.DEV|Any CPU.ActiveCfg = DEV|Any CPU
		{875D418C-1713-41C0-885F-8412C60B952B}.DEV|Any CPU.Build.0 = DEV|Any CPU
		{875D418C-1713-41C0-885F-8412C60B952B}.PREVIEW|Any CPU.ActiveCfg = PREVIEW|Any CPU
		{875D418C-1713-41C0-885F-8412C60B952B}.PREVIEW|Any CPU.Build.0 = PREVIEW|Any CPU
		{875D418C-1713-41C0-885F-8412C60B952B}.PROD|Any CPU.ActiveCfg = PROD|Any CPU
		{875D418C-1713-41C0-885F-8412C60B952B}.PROD|Any CPU.Build.0 = PROD|Any CPU
		{875D418C-1713-41C0-885F-8412C60B952B}.QA|Any CPU.ActiveCfg = QA|Any CPU
		{875D418C-1713-41C0-885F-8412C60B952B}.QA|Any CPU.Build.0 = QA|Any CPU
		{875D418C-1713-41C0-885F-8412C60B952B}.Release|Any CPU.ActiveCfg = Release|Any CPU
		{875D418C-1713-41C0-885F-8412C60B952B}.Release|Any CPU.Build.0 = Release|Any CPU
		{CC705E52-9916-4A3F-B3AE-388943BB517C}.Debug|Any CPU.ActiveCfg = Debug|Any CPU
		{CC705E52-9916-4A3F-B3AE-388943BB517C}.Debug|Any CPU.Build.0 = Debug|Any CPU
		{CC705E52-9916-4A3F-B3AE-388943BB517C}.DEV|Any CPU.ActiveCfg = DEV|Any CPU
		{CC705E52-9916-4A3F-B3AE-388943BB517C}.DEV|Any CPU.Build.0 = DEV|Any CPU
		{CC705E52-9916-4A3F-B3AE-388943BB517C}.PREVIEW|Any CPU.ActiveCfg = PROD|Any CPU
		{CC705E52-9916-4A3F-B3AE-388943BB517C}.PREVIEW|Any CPU.Build.0 = PROD|Any CPU
		{CC705E52-9916-4A3F-B3AE-388943BB517C}.PROD|Any CPU.ActiveCfg = PROD|Any CPU
		{CC705E52-9916-4A3F-B3AE-388943BB517C}.PROD|Any CPU.Build.0 = PROD|Any CPU
		{CC705E52-9916-4A3F-B3AE-388943BB517C}.QA|Any CPU.ActiveCfg = QA|Any CPU
		{CC705E52-9916-4A3F-B3AE-388943BB517C}.QA|Any CPU.Build.0 = QA|Any CPU
		{CC705E52-9916-4A3F-B3AE-388943BB517C}.Release|Any CPU.ActiveCfg = Release|Any CPU
		{CC705E52-9916-4A3F-B3AE-388943BB517C}.Release|Any CPU.Build.0 = Release|Any CPU
		{8468247F-1C2B-4BD8-8D9F-D9303768759B}.Debug|Any CPU.ActiveCfg = Debug|Any CPU
		{8468247F-1C2B-4BD8-8D9F-D9303768759B}.Debug|Any CPU.Build.0 = Debug|Any CPU
		{8468247F-1C2B-4BD8-8D9F-D9303768759B}.DEV|Any CPU.ActiveCfg = DEV|Any CPU
		{8468247F-1C2B-4BD8-8D9F-D9303768759B}.DEV|Any CPU.Build.0 = DEV|Any CPU
		{8468247F-1C2B-4BD8-8D9F-D9303768759B}.PREVIEW|Any CPU.ActiveCfg = PREVIEW|Any CPU
		{8468247F-1C2B-4BD8-8D9F-D9303768759B}.PREVIEW|Any CPU.Build.0 = PREVIEW|Any CPU
		{8468247F-1C2B-4BD8-8D9F-D9303768759B}.PROD|Any CPU.ActiveCfg = PROD|Any CPU
		{8468247F-1C2B-4BD8-8D9F-D9303768759B}.PROD|Any CPU.Build.0 = PROD|Any CPU
		{8468247F-1C2B-4BD8-8D9F-D9303768759B}.QA|Any CPU.ActiveCfg = QA|Any CPU
		{8468247F-1C2B-4BD8-8D9F-D9303768759B}.QA|Any CPU.Build.0 = QA|Any CPU
		{8468247F-1C2B-4BD8-8D9F-D9303768759B}.Release|Any CPU.ActiveCfg = Release|Any CPU
		{8468247F-1C2B-4BD8-8D9F-D9303768759B}.Release|Any CPU.Build.0 = Release|Any CPU
		{38DECA10-5091-4A6F-935C-ADF65C3EF8FD}.Debug|Any CPU.ActiveCfg = Debug|Any CPU
		{38DECA10-5091-4A6F-935C-ADF65C3EF8FD}.Debug|Any CPU.Build.0 = Debug|Any CPU
		{38DECA10-5091-4A6F-935C-ADF65C3EF8FD}.DEV|Any CPU.ActiveCfg = DEV|Any CPU
		{38DECA10-5091-4A6F-935C-ADF65C3EF8FD}.DEV|Any CPU.Build.0 = DEV|Any CPU
		{38DECA10-5091-4A6F-935C-ADF65C3EF8FD}.PREVIEW|Any CPU.ActiveCfg = PREVIEW|Any CPU
		{38DECA10-5091-4A6F-935C-ADF65C3EF8FD}.PREVIEW|Any CPU.Build.0 = PREVIEW|Any CPU
		{38DECA10-5091-4A6F-935C-ADF65C3EF8FD}.PROD|Any CPU.ActiveCfg = PROD|Any CPU
		{38DECA10-5091-4A6F-935C-ADF65C3EF8FD}.PROD|Any CPU.Build.0 = PROD|Any CPU
		{38DECA10-5091-4A6F-935C-ADF65C3EF8FD}.QA|Any CPU.ActiveCfg = QA|Any CPU
		{38DECA10-5091-4A6F-935C-ADF65C3EF8FD}.QA|Any CPU.Build.0 = QA|Any CPU
		{38DECA10-5091-4A6F-935C-ADF65C3EF8FD}.Release|Any CPU.ActiveCfg = Release|Any CPU
		{38DECA10-5091-4A6F-935C-ADF65C3EF8FD}.Release|Any CPU.Build.0 = Release|Any CPU
		{77CC17DF-C471-42BF-B5F6-D55EAF918891}.Debug|Any CPU.ActiveCfg = Debug|Any CPU
		{77CC17DF-C471-42BF-B5F6-D55EAF918891}.Debug|Any CPU.Build.0 = Debug|Any CPU
		{77CC17DF-C471-42BF-B5F6-D55EAF918891}.DEV|Any CPU.ActiveCfg = DEV|Any CPU
		{77CC17DF-C471-42BF-B5F6-D55EAF918891}.DEV|Any CPU.Build.0 = DEV|Any CPU
		{77CC17DF-C471-42BF-B5F6-D55EAF918891}.PREVIEW|Any CPU.ActiveCfg = PREVIEW|Any CPU
		{77CC17DF-C471-42BF-B5F6-D55EAF918891}.PREVIEW|Any CPU.Build.0 = PREVIEW|Any CPU
		{77CC17DF-C471-42BF-B5F6-D55EAF918891}.PROD|Any CPU.ActiveCfg = PROD|Any CPU
		{77CC17DF-C471-42BF-B5F6-D55EAF918891}.PROD|Any CPU.Build.0 = PROD|Any CPU
		{77CC17DF-C471-42BF-B5F6-D55EAF918891}.QA|Any CPU.ActiveCfg = QA|Any CPU
		{77CC17DF-C471-42BF-B5F6-D55EAF918891}.QA|Any CPU.Build.0 = QA|Any CPU
		{77CC17DF-C471-42BF-B5F6-D55EAF918891}.Release|Any CPU.ActiveCfg = Release|Any CPU
		{77CC17DF-C471-42BF-B5F6-D55EAF918891}.Release|Any CPU.Build.0 = Release|Any CPU
	EndGlobalSection
	GlobalSection(SolutionProperties) = preSolution
		HideSolutionNode = FALSE
	EndGlobalSection
EndGlobal
