
Microsoft Visual Studio Solution File, Format Version 12.00
# Visual Studio 2012
Project("{FAE04EC0-301F-11D3-BF4B-00C04F79EFBC}") = "Momntz.Worker", "Momntz.Worker.csproj", "{875D418C-1713-41C0-885F-8412C60B952B}"
EndProject
Project("{FAE04EC0-301F-11D3-BF4B-00C04F79EFBC}") = "Momntz.Worker.Core", "..\Momntz.Worker.Core\Momntz.Worker.Core.csproj", "{8468247F-1C2B-4BD8-8D9F-D9303768759B}"
EndProject
Project("{FAE04EC0-301F-11D3-BF4B-00C04F79EFBC}") = "Momntz.Worker.Tests", "..\Momntz.Worker.Tests\Momntz.Worker.Tests.csproj", "{38DECA10-5091-4A6F-935C-ADF65C3EF8FD}"
EndProject
Project("{FAE04EC0-301F-11D3-BF4B-00C04F79EFBC}") = "Momntz", "..\..\..\Momntz\Source\Momntz\Momntz.csproj", "{77CC17DF-C471-42BF-B5F6-D55EAF918891}"
EndProject
Project("{FAE04EC0-301F-11D3-BF4B-00C04F79EFBC}") = "Momntz.Service", "..\Momntz.Service\Momntz.Service.csproj", "{CA618B8F-AD10-4B4F-B469-1CF108EE311E}"
EndProject
Project("{FAE04EC0-301F-11D3-BF4B-00C04F79EFBC}") = "Momntz.Service.Host", "..\Momntz.Service.Host\Momntz.Service.Host.csproj", "{755FFDA4-C0FD-46C8-B526-9FF992B634BB}"
EndProject
Project("{FAE04EC0-301F-11D3-BF4B-00C04F79EFBC}") = "Momntz.Service.Plugins", "..\Momntz.Service.Plugins\Momntz.Service.Plugins.csproj", "{7671C257-C1EE-4D56-BB7B-B3FCF95601BD}"
EndProject
Project("{FAE04EC0-301F-11D3-BF4B-00C04F79EFBC}") = "Momntz.Service.Tests", "..\Momntz.Service.Tests\Momntz.Service.Tests.csproj", "{E3671532-E1BF-492B-8A0C-98C5D85EA159}"
EndProject
Global
	GlobalSection(SolutionConfigurationPlatforms) = preSolution
		Debug|Any CPU = Debug|Any CPU
		DEV|Any CPU = DEV|Any CPU
		PREVIEW|Any CPU = PREVIEW|Any CPU
		PROD|Any CPU = PROD|Any CPU
		QA|Any CPU = QA|Any CPU
		Release|Any CPU = Release|Any CPU
	EndGlobalSection
	GlobalSection(ProjectConfigurationPlatforms) = postSolution
		{875D418C-1713-41C0-885F-8412C60B952B}.Debug|Any CPU.ActiveCfg = Debug|Any CPU
		{875D418C-1713-41C0-885F-8412C60B952B}.Debug|Any CPU.Build.0 = Debug|Any CPU
		{875D418C-1713-41C0-885F-8412C60B952B}.DEV|Any CPU.ActiveCfg = DEV|Any CPU
		{875D418C-1713-41C0-885F-8412C60B952B}.DEV|Any CPU.Build.0 = DEV|Any CPU
		{875D418C-1713-41C0-885F-8412C60B952B}.PREVIEW|Any CPU.ActiveCfg = PREVIEW|Any CPU
		{875D418C-1713-41C0-885F-8412C60B952B}.PREVIEW|Any CPU.Build.0 = PREVIEW|Any CPU
		{875D418C-1713-41C0-885F-8412C60B952B}.PROD|Any CPU.ActiveCfg = PROD|Any CPU
		{875D418C-1713-41C0-885F-8412C60B952B}.PROD|Any CPU.Build.0 = PROD|Any CPU
		{875D418C-1713-41C0-885F-8412C60B952B}.QA|Any CPU.ActiveCfg = QA|Any CPU
		{875D418C-1713-41C0-885F-8412C60B952B}.QA|Any CPU.Build.0 = QA|Any CPU
		{875D418C-1713-41C0-885F-8412C60B952B}.Release|Any CPU.ActiveCfg = Release|Any CPU
		{875D418C-1713-41C0-885F-8412C60B952B}.Release|Any CPU.Build.0 = Release|Any CPU
		{8468247F-1C2B-4BD8-8D9F-D9303768759B}.Debug|Any CPU.ActiveCfg = Debug|Any CPU
		{8468247F-1C2B-4BD8-8D9F-D9303768759B}.Debug|Any CPU.Build.0 = Debug|Any CPU
		{8468247F-1C2B-4BD8-8D9F-D9303768759B}.DEV|Any CPU.ActiveCfg = DEV|Any CPU
		{8468247F-1C2B-4BD8-8D9F-D9303768759B}.DEV|Any CPU.Build.0 = DEV|Any CPU
		{8468247F-1C2B-4BD8-8D9F-D9303768759B}.PREVIEW|Any CPU.ActiveCfg = PREVIEW|Any CPU
		{8468247F-1C2B-4BD8-8D9F-D9303768759B}.PREVIEW|Any CPU.Build.0 = PREVIEW|Any CPU
		{8468247F-1C2B-4BD8-8D9F-D9303768759B}.PROD|Any CPU.ActiveCfg = PROD|Any CPU
		{8468247F-1C2B-4BD8-8D9F-D9303768759B}.PROD|Any CPU.Build.0 = PROD|Any CPU
		{8468247F-1C2B-4BD8-8D9F-D9303768759B}.QA|Any CPU.ActiveCfg = QA|Any CPU
		{8468247F-1C2B-4BD8-8D9F-D9303768759B}.QA|Any CPU.Build.0 = QA|Any CPU
		{8468247F-1C2B-4BD8-8D9F-D9303768759B}.Release|Any CPU.ActiveCfg = Release|Any CPU
		{8468247F-1C2B-4BD8-8D9F-D9303768759B}.Release|Any CPU.Build.0 = Release|Any CPU
		{38DECA10-5091-4A6F-935C-ADF65C3EF8FD}.Debug|Any CPU.ActiveCfg = Debug|Any CPU
		{38DECA10-5091-4A6F-935C-ADF65C3EF8FD}.Debug|Any CPU.Build.0 = Debug|Any CPU
		{38DECA10-5091-4A6F-935C-ADF65C3EF8FD}.DEV|Any CPU.ActiveCfg = DEV|Any CPU
		{38DECA10-5091-4A6F-935C-ADF65C3EF8FD}.DEV|Any CPU.Build.0 = DEV|Any CPU
		{38DECA10-5091-4A6F-935C-ADF65C3EF8FD}.PREVIEW|Any CPU.ActiveCfg = PREVIEW|Any CPU
		{38DECA10-5091-4A6F-935C-ADF65C3EF8FD}.PREVIEW|Any CPU.Build.0 = PREVIEW|Any CPU
		{38DECA10-5091-4A6F-935C-ADF65C3EF8FD}.PROD|Any CPU.ActiveCfg = PROD|Any CPU
		{38DECA10-5091-4A6F-935C-ADF65C3EF8FD}.PROD|Any CPU.Build.0 = PROD|Any CPU
		{38DECA10-5091-4A6F-935C-ADF65C3EF8FD}.QA|Any CPU.ActiveCfg = QA|Any CPU
		{38DECA10-5091-4A6F-935C-ADF65C3EF8FD}.QA|Any CPU.Build.0 = QA|Any CPU
		{38DECA10-5091-4A6F-935C-ADF65C3EF8FD}.Release|Any CPU.ActiveCfg = Release|Any CPU
		{38DECA10-5091-4A6F-935C-ADF65C3EF8FD}.Release|Any CPU.Build.0 = Release|Any CPU
		{77CC17DF-C471-42BF-B5F6-D55EAF918891}.Debug|Any CPU.ActiveCfg = DEV|Any CPU
		{77CC17DF-C471-42BF-B5F6-D55EAF918891}.Debug|Any CPU.Build.0 = DEV|Any CPU
		{77CC17DF-C471-42BF-B5F6-D55EAF918891}.DEV|Any CPU.ActiveCfg = DEV|Any CPU
		{77CC17DF-C471-42BF-B5F6-D55EAF918891}.DEV|Any CPU.Build.0 = DEV|Any CPU
		{77CC17DF-C471-42BF-B5F6-D55EAF918891}.PREVIEW|Any CPU.ActiveCfg = PROD|Any CPU
		{77CC17DF-C471-42BF-B5F6-D55EAF918891}.PREVIEW|Any CPU.Build.0 = PROD|Any CPU
		{77CC17DF-C471-42BF-B5F6-D55EAF918891}.PROD|Any CPU.ActiveCfg = PROD|Any CPU
		{77CC17DF-C471-42BF-B5F6-D55EAF918891}.PROD|Any CPU.Build.0 = PROD|Any CPU
		{77CC17DF-C471-42BF-B5F6-D55EAF918891}.QA|Any CPU.ActiveCfg = QA|Any CPU
		{77CC17DF-C471-42BF-B5F6-D55EAF918891}.QA|Any CPU.Build.0 = QA|Any CPU
		{77CC17DF-C471-42BF-B5F6-D55EAF918891}.Release|Any CPU.ActiveCfg = LOCAL|Any CPU
		{77CC17DF-C471-42BF-B5F6-D55EAF918891}.Release|Any CPU.Build.0 = LOCAL|Any CPU
		{CA618B8F-AD10-4B4F-B469-1CF108EE311E}.Debug|Any CPU.ActiveCfg = Debug|Any CPU
		{CA618B8F-AD10-4B4F-B469-1CF108EE311E}.Debug|Any CPU.Build.0 = Debug|Any CPU
		{CA618B8F-AD10-4B4F-B469-1CF108EE311E}.DEV|Any CPU.ActiveCfg = Debug|Any CPU
		{CA618B8F-AD10-4B4F-B469-1CF108EE311E}.DEV|Any CPU.Build.0 = Debug|Any CPU
		{CA618B8F-AD10-4B4F-B469-1CF108EE311E}.PREVIEW|Any CPU.ActiveCfg = Release|Any CPU
		{CA618B8F-AD10-4B4F-B469-1CF108EE311E}.PREVIEW|Any CPU.Build.0 = Release|Any CPU
		{CA618B8F-AD10-4B4F-B469-1CF108EE311E}.PROD|Any CPU.ActiveCfg = Release|Any CPU
		{CA618B8F-AD10-4B4F-B469-1CF108EE311E}.PROD|Any CPU.Build.0 = Release|Any CPU
		{CA618B8F-AD10-4B4F-B469-1CF108EE311E}.QA|Any CPU.ActiveCfg = Release|Any CPU
		{CA618B8F-AD10-4B4F-B469-1CF108EE311E}.QA|Any CPU.Build.0 = Release|Any CPU
		{CA618B8F-AD10-4B4F-B469-1CF108EE311E}.Release|Any CPU.ActiveCfg = Release|Any CPU
		{CA618B8F-AD10-4B4F-B469-1CF108EE311E}.Release|Any CPU.Build.0 = Release|Any CPU
		{755FFDA4-C0FD-46C8-B526-9FF992B634BB}.Debug|Any CPU.ActiveCfg = Debug|Any CPU
		{755FFDA4-C0FD-46C8-B526-9FF992B634BB}.Debug|Any CPU.Build.0 = Debug|Any CPU
		{755FFDA4-C0FD-46C8-B526-9FF992B634BB}.DEV|Any CPU.ActiveCfg = Debug|Any CPU
		{755FFDA4-C0FD-46C8-B526-9FF992B634BB}.DEV|Any CPU.Build.0 = Debug|Any CPU
		{755FFDA4-C0FD-46C8-B526-9FF992B634BB}.PREVIEW|Any CPU.ActiveCfg = Release|Any CPU
		{755FFDA4-C0FD-46C8-B526-9FF992B634BB}.PREVIEW|Any CPU.Build.0 = Release|Any CPU
		{755FFDA4-C0FD-46C8-B526-9FF992B634BB}.PROD|Any CPU.ActiveCfg = Release|Any CPU
		{755FFDA4-C0FD-46C8-B526-9FF992B634BB}.PROD|Any CPU.Build.0 = Release|Any CPU
		{755FFDA4-C0FD-46C8-B526-9FF992B634BB}.QA|Any CPU.ActiveCfg = Release|Any CPU
		{755FFDA4-C0FD-46C8-B526-9FF992B634BB}.QA|Any CPU.Build.0 = Release|Any CPU
		{755FFDA4-C0FD-46C8-B526-9FF992B634BB}.Release|Any CPU.ActiveCfg = Release|Any CPU
		{755FFDA4-C0FD-46C8-B526-9FF992B634BB}.Release|Any CPU.Build.0 = Release|Any CPU
		{7671C257-C1EE-4D56-BB7B-B3FCF95601BD}.Debug|Any CPU.ActiveCfg = Debug|Any CPU
		{7671C257-C1EE-4D56-BB7B-B3FCF95601BD}.Debug|Any CPU.Build.0 = Debug|Any CPU
		{7671C257-C1EE-4D56-BB7B-B3FCF95601BD}.DEV|Any CPU.ActiveCfg = Debug|Any CPU
		{7671C257-C1EE-4D56-BB7B-B3FCF95601BD}.DEV|Any CPU.Build.0 = Debug|Any CPU
		{7671C257-C1EE-4D56-BB7B-B3FCF95601BD}.PREVIEW|Any CPU.ActiveCfg = Release|Any CPU
		{7671C257-C1EE-4D56-BB7B-B3FCF95601BD}.PREVIEW|Any CPU.Build.0 = Release|Any CPU
		{7671C257-C1EE-4D56-BB7B-B3FCF95601BD}.PROD|Any CPU.ActiveCfg = Release|Any CPU
		{7671C257-C1EE-4D56-BB7B-B3FCF95601BD}.PROD|Any CPU.Build.0 = Release|Any CPU
		{7671C257-C1EE-4D56-BB7B-B3FCF95601BD}.QA|Any CPU.ActiveCfg = Release|Any CPU
		{7671C257-C1EE-4D56-BB7B-B3FCF95601BD}.QA|Any CPU.Build.0 = Release|Any CPU
		{7671C257-C1EE-4D56-BB7B-B3FCF95601BD}.Release|Any CPU.ActiveCfg = Release|Any CPU
		{7671C257-C1EE-4D56-BB7B-B3FCF95601BD}.Release|Any CPU.Build.0 = Release|Any CPU
		{E3671532-E1BF-492B-8A0C-98C5D85EA159}.Debug|Any CPU.ActiveCfg = Debug|Any CPU
		{E3671532-E1BF-492B-8A0C-98C5D85EA159}.Debug|Any CPU.Build.0 = Debug|Any CPU
		{E3671532-E1BF-492B-8A0C-98C5D85EA159}.DEV|Any CPU.ActiveCfg = Debug|Any CPU
		{E3671532-E1BF-492B-8A0C-98C5D85EA159}.DEV|Any CPU.Build.0 = Debug|Any CPU
		{E3671532-E1BF-492B-8A0C-98C5D85EA159}.PREVIEW|Any CPU.ActiveCfg = Release|Any CPU
		{E3671532-E1BF-492B-8A0C-98C5D85EA159}.PREVIEW|Any CPU.Build.0 = Release|Any CPU
		{E3671532-E1BF-492B-8A0C-98C5D85EA159}.PROD|Any CPU.ActiveCfg = Release|Any CPU
		{E3671532-E1BF-492B-8A0C-98C5D85EA159}.PROD|Any CPU.Build.0 = Release|Any CPU
		{E3671532-E1BF-492B-8A0C-98C5D85EA159}.QA|Any CPU.ActiveCfg = Release|Any CPU
		{E3671532-E1BF-492B-8A0C-98C5D85EA159}.QA|Any CPU.Build.0 = Release|Any CPU
		{E3671532-E1BF-492B-8A0C-98C5D85EA159}.Release|Any CPU.ActiveCfg = Release|Any CPU
		{E3671532-E1BF-492B-8A0C-98C5D85EA159}.Release|Any CPU.Build.0 = Release|Any CPU
	EndGlobalSection
	GlobalSection(SolutionProperties) = preSolution
		HideSolutionNode = FALSE
	EndGlobalSection
EndGlobal
