
Microsoft Visual Studio Solution File, Format Version 12.00
# Visual Studio 2012
Project("{FAE04EC0-301F-11D3-BF4B-00C04F79EFBC}") = "Momntz", "..\..\..\Momntz\Source\Momntz\Momntz.csproj", "{77CC17DF-C471-42BF-B5F6-D55EAF918891}"
EndProject
Project("{FAE04EC0-301F-11D3-BF4B-00C04F79EFBC}") = "Momntz.Service", "..\Momntz.Service\Momntz.Service.csproj", "{CA618B8F-AD10-4B4F-B469-1CF108EE311E}"
EndProject
Project("{FAE04EC0-301F-11D3-BF4B-00C04F79EFBC}") = "Momntz.Service.Host", "..\Momntz.Service.Host\Momntz.Service.Host.csproj", "{755FFDA4-C0FD-46C8-B526-9FF992B634BB}"
EndProject
Project("{FAE04EC0-301F-11D3-BF4B-00C04F79EFBC}") = "Momntz.Service.Plugins", "..\Momntz.Service.Plugins\Momntz.Service.Plugins.csproj", "{7671C257-C1EE-4D56-BB7B-B3FCF95601BD}"
EndProject
Project("{FAE04EC0-301F-11D3-BF4B-00C04F79EFBC}") = "Momntz.Service.Tests", "..\Momntz.Service.Tests\Momntz.Service.Tests.csproj", "{E3671532-E1BF-492B-8A0C-98C5D85EA159}"
EndProject
Global
	GlobalSection(SolutionConfigurationPlatforms) = preSolution
		DEV|Any CPU = DEV|Any CPU
		LOCAL|Any CPU = LOCAL|Any CPU
		PROD|Any CPU = PROD|Any CPU
		QA|Any CPU = QA|Any CPU
	EndGlobalSection
	GlobalSection(ProjectConfigurationPlatforms) = postSolution
		{77CC17DF-C471-42BF-B5F6-D55EAF918891}.DEV|Any CPU.ActiveCfg = DEV|Any CPU
		{77CC17DF-C471-42BF-B5F6-D55EAF918891}.DEV|Any CPU.Build.0 = DEV|Any CPU
		{77CC17DF-C471-42BF-B5F6-D55EAF918891}.LOCAL|Any CPU.ActiveCfg = LOCAL|Any CPU
		{77CC17DF-C471-42BF-B5F6-D55EAF918891}.LOCAL|Any CPU.Build.0 = LOCAL|Any CPU
		{77CC17DF-C471-42BF-B5F6-D55EAF918891}.PROD|Any CPU.ActiveCfg = PROD|Any CPU
		{77CC17DF-C471-42BF-B5F6-D55EAF918891}.PROD|Any CPU.Build.0 = PROD|Any CPU
		{77CC17DF-C471-42BF-B5F6-D55EAF918891}.QA|Any CPU.ActiveCfg = QA|Any CPU
		{77CC17DF-C471-42BF-B5F6-D55EAF918891}.QA|Any CPU.Build.0 = QA|Any CPU
		{CA618B8F-AD10-4B4F-B469-1CF108EE311E}.DEV|Any CPU.ActiveCfg = Debug|Any CPU
		{CA618B8F-AD10-4B4F-B469-1CF108EE311E}.DEV|Any CPU.Build.0 = Debug|Any CPU
		{CA618B8F-AD10-4B4F-B469-1CF108EE311E}.LOCAL|Any CPU.ActiveCfg = LOCAL|Any CPU
		{CA618B8F-AD10-4B4F-B469-1CF108EE311E}.LOCAL|Any CPU.Build.0 = LOCAL|Any CPU
		{CA618B8F-AD10-4B4F-B469-1CF108EE311E}.PROD|Any CPU.ActiveCfg = Release|Any CPU
		{CA618B8F-AD10-4B4F-B469-1CF108EE311E}.PROD|Any CPU.Build.0 = Release|Any CPU
		{CA618B8F-AD10-4B4F-B469-1CF108EE311E}.QA|Any CPU.ActiveCfg = Release|Any CPU
		{CA618B8F-AD10-4B4F-B469-1CF108EE311E}.QA|Any CPU.Build.0 = Release|Any CPU
		{755FFDA4-C0FD-46C8-B526-9FF992B634BB}.DEV|Any CPU.ActiveCfg = Debug|Any CPU
		{755FFDA4-C0FD-46C8-B526-9FF992B634BB}.DEV|Any CPU.Build.0 = Debug|Any CPU
		{755FFDA4-C0FD-46C8-B526-9FF992B634BB}.LOCAL|Any CPU.ActiveCfg = LOCAL|Any CPU
		{755FFDA4-C0FD-46C8-B526-9FF992B634BB}.LOCAL|Any CPU.Build.0 = LOCAL|Any CPU
		{755FFDA4-C0FD-46C8-B526-9FF992B634BB}.PROD|Any CPU.ActiveCfg = Release|Any CPU
		{755FFDA4-C0FD-46C8-B526-9FF992B634BB}.PROD|Any CPU.Build.0 = Release|Any CPU
		{755FFDA4-C0FD-46C8-B526-9FF992B634BB}.QA|Any CPU.ActiveCfg = Release|Any CPU
		{755FFDA4-C0FD-46C8-B526-9FF992B634BB}.QA|Any CPU.Build.0 = Release|Any CPU
		{7671C257-C1EE-4D56-BB7B-B3FCF95601BD}.DEV|Any CPU.ActiveCfg = Debug|Any CPU
		{7671C257-C1EE-4D56-BB7B-B3FCF95601BD}.DEV|Any CPU.Build.0 = Debug|Any CPU
		{7671C257-C1EE-4D56-BB7B-B3FCF95601BD}.LOCAL|Any CPU.ActiveCfg = LOCAL|Any CPU
		{7671C257-C1EE-4D56-BB7B-B3FCF95601BD}.LOCAL|Any CPU.Build.0 = LOCAL|Any CPU
		{7671C257-C1EE-4D56-BB7B-B3FCF95601BD}.PROD|Any CPU.ActiveCfg = Release|Any CPU
		{7671C257-C1EE-4D56-BB7B-B3FCF95601BD}.PROD|Any CPU.Build.0 = Release|Any CPU
		{7671C257-C1EE-4D56-BB7B-B3FCF95601BD}.QA|Any CPU.ActiveCfg = Release|Any CPU
		{7671C257-C1EE-4D56-BB7B-B3FCF95601BD}.QA|Any CPU.Build.0 = Release|Any CPU
		{E3671532-E1BF-492B-8A0C-98C5D85EA159}.DEV|Any CPU.ActiveCfg = Debug|Any CPU
		{E3671532-E1BF-492B-8A0C-98C5D85EA159}.DEV|Any CPU.Build.0 = Debug|Any CPU
		{E3671532-E1BF-492B-8A0C-98C5D85EA159}.LOCAL|Any CPU.ActiveCfg = LOCAL|Any CPU
		{E3671532-E1BF-492B-8A0C-98C5D85EA159}.LOCAL|Any CPU.Build.0 = LOCAL|Any CPU
		{E3671532-E1BF-492B-8A0C-98C5D85EA159}.PROD|Any CPU.ActiveCfg = Release|Any CPU
		{E3671532-E1BF-492B-8A0C-98C5D85EA159}.PROD|Any CPU.Build.0 = Release|Any CPU
		{E3671532-E1BF-492B-8A0C-98C5D85EA159}.QA|Any CPU.ActiveCfg = Release|Any CPU
		{E3671532-E1BF-492B-8A0C-98C5D85EA159}.QA|Any CPU.Build.0 = Release|Any CPU
	EndGlobalSection
	GlobalSection(SolutionProperties) = preSolution
		HideSolutionNode = FALSE
	EndGlobalSection
EndGlobal
